{
  "name": "urkel",
  "version": "0.6.3",
  "lockfileVersion": 1,
  "requires": true,
  "dependencies": {
    "bmocha": {
      "version": "2.1.2",
      "resolved": "https://registry.npmjs.org/bmocha/-/bmocha-2.1.2.tgz",
      "integrity": "sha512-EvcGGQCbRnF3/Uq+gNIrWdNY65eDok17i7AKEY/xTLGFk812GdqEQ/FW8X1X1lyH5IlLshjubDjyC4HRWeCt7g==",
      "dev": true
    }
  }
}
