{
  "name": "urkel",
  "version": "0.7.0",
  "lockfileVersion": 2,
  "requires": true,
  "packages": {
    "": {
      "name": "urkel",
      "version": "0.7.0",
      "license": "MIT",
      "dependencies": {
        "bfile": "~0.2.1",
        "bmutex": "~0.1.6",
        "bsert": "~0.0.10"
      },
      "devDependencies": {
        "bmocha": "^2.1.0"
      },
      "engines": {
        "node": ">=8.0.0"
      }
    },
    "node_modules/bfile": {
      "version": "0.2.1",
      "license": "MIT",
      "engines": {
        "node": ">=8.0.0"
      }
    },
    "node_modules/bmocha": {
      "version": "2.1.2",
      "dev": true,
      "license": "MIT",
      "bin": {
        "_bmocha": "bin/_bmocha",
        "bmocha": "bin/bmocha"
      },
      "engines": {
        "node": ">=8.0.0"
      }
    },
    "node_modules/bmutex": {
      "version": "0.1.6",
      "license": "MIT",
      "dependencies": {
        "bsert": "~0.0.10"
      },
      "engines": {
        "node": ">=8.0.0"
      }
    },
    "node_modules/bsert": {
      "version": "0.0.10",
      "license": "MIT",
      "engines": {
        "node": ">=8.0.0"
      }
    }
  },
  "dependencies": {
    "bfile": {
      "version": "0.2.1"
    },
    "bmocha": {
      "version": "2.1.2",
      "dev": true
    },
    "bmutex": {
      "version": "0.1.6",
      "requires": {
        "bsert": "~0.0.10"
      }
    },
    "bsert": {
      "version": "0.0.10"
    }
  }
}
